{
  "name": "worktree-port-check",
  "version": "1.0.0",
  "lockfileVersion": 3,
  "requires": true,
  "packages": {
    "": {
      "name": "worktree-port-check",
      "version": "1.0.0",
      "license": "MIT",
      "bin": {
        "worktree-port-check": "bin-worktree-port-check.js"
      },
      "engines": {
        "node": ">=20"
      }
    }
  }
}
